
Microsoft Visual Studio Solution File, Format Version 12.00
# Visual Studio Version 17
VisualStudioVersion = 17.11.35222.181
MinimumVisualStudioVersion = 10.0.40219.1
Project("{FAE04EC0-301F-11D3-BF4B-00C04F79EFBC}") = "BI496E_HSZF_2024251.Console", "BI496E_HSZF_2024251.Console.csproj", "{B8A983B3-179B-4D00-850A-7D5F76840D88}"
EndProject
Project("{FAE04EC0-301F-11D3-BF4B-00C04F79EFBC}") = "BI496E_HSZF_2024251.Application", "..\BI496E_HSZF_2024251.Application\BI496E_HSZF_2024251.Application.csproj", "{56DF7E04-29FF-45F6-9021-326EEF30FC3A}"
EndProject
Project("{FAE04EC0-301F-11D3-BF4B-00C04F79EFBC}") = "BI496E_HSZF_2024251.Model", "..\BI496E_HSZF_2024251.Model\BI496E_HSZF_2024251.Model.csproj", "{FA85E587-2E8B-47B7-90E7-89F313D81F1B}"
EndProject
Project("{FAE04EC0-301F-11D3-BF4B-00C04F79EFBC}") = "BI496E_HSZF_2024251.Persistence.MsSql", "..\BI496E_HSZF_2024251.Persistence.MsSql\BI496E_HSZF_2024251.Persistence.MsSql.csproj", "{263B3B6A-B705-443D-99CF-0512685EEDDF}"
EndProject
Project("{FAE04EC0-301F-11D3-BF4B-00C04F79EFBC}") = "BI496E_HSZF_2024251.Test", "..\BI496E_HSZF_2024251.Test\BI496E_HSZF_2024251.Test.csproj", "{1C9511A3-8CD7-4369-9EF9-3B1B2311ABC6}"
EndProject
Project("{2150E333-8FDC-42A3-9474-1A3956D46DE8}") = "Application", "Application", "{697F7093-074E-40D2-BBFE-E0DB1D5E9546}"
EndProject
Project("{2150E333-8FDC-42A3-9474-1A3956D46DE8}") = "Domain", "Domain", "{2A1218E0-7B27-40DE-892F-4908199AF91E}"
EndProject
Project("{2150E333-8FDC-42A3-9474-1A3956D46DE8}") = "Infrastructure", "Infrastructure", "{874C960E-15E9-4227-A62D-20B2BA7372C6}"
EndProject
Project("{2150E333-8FDC-42A3-9474-1A3956D46DE8}") = "Presentation", "Presentation", "{6D55179D-C58E-4445-96BB-A6D5E1C3C259}"
EndProject
Project("{2150E333-8FDC-42A3-9474-1A3956D46DE8}") = "Tests", "Tests", "{DA888674-525B-49BE-A952-A88E4C2D5DE8}"
EndProject
Global
	GlobalSection(SolutionConfigurationPlatforms) = preSolution
		Debug|Any CPU = Debug|Any CPU
		Release|Any CPU = Release|Any CPU
	EndGlobalSection
	GlobalSection(ProjectConfigurationPlatforms) = postSolution
		{B8A983B3-179B-4D00-850A-7D5F76840D88}.Debug|Any CPU.ActiveCfg = Debug|Any CPU
		{B8A983B3-179B-4D00-850A-7D5F76840D88}.Debug|Any CPU.Build.0 = Debug|Any CPU
		{B8A983B3-179B-4D00-850A-7D5F76840D88}.Release|Any CPU.ActiveCfg = Release|Any CPU
		{B8A983B3-179B-4D00-850A-7D5F76840D88}.Release|Any CPU.Build.0 = Release|Any CPU
		{56DF7E04-29FF-45F6-9021-326EEF30FC3A}.Debug|Any CPU.ActiveCfg = Debug|Any CPU
		{56DF7E04-29FF-45F6-9021-326EEF30FC3A}.Debug|Any CPU.Build.0 = Debug|Any CPU
		{56DF7E04-29FF-45F6-9021-326EEF30FC3A}.Release|Any CPU.ActiveCfg = Release|Any CPU
		{56DF7E04-29FF-45F6-9021-326EEF30FC3A}.Release|Any CPU.Build.0 = Release|Any CPU
		{FA85E587-2E8B-47B7-90E7-89F313D81F1B}.Debug|Any CPU.ActiveCfg = Debug|Any CPU
		{FA85E587-2E8B-47B7-90E7-89F313D81F1B}.Debug|Any CPU.Build.0 = Debug|Any CPU
		{FA85E587-2E8B-47B7-90E7-89F313D81F1B}.Release|Any CPU.ActiveCfg = Release|Any CPU
		{FA85E587-2E8B-47B7-90E7-89F313D81F1B}.Release|Any CPU.Build.0 = Release|Any CPU
		{263B3B6A-B705-443D-99CF-0512685EEDDF}.Debug|Any CPU.ActiveCfg = Debug|Any CPU
		{263B3B6A-B705-443D-99CF-0512685EEDDF}.Debug|Any CPU.Build.0 = Debug|Any CPU
		{263B3B6A-B705-443D-99CF-0512685EEDDF}.Release|Any CPU.ActiveCfg = Release|Any CPU
		{263B3B6A-B705-443D-99CF-0512685EEDDF}.Release|Any CPU.Build.0 = Release|Any CPU
		{1C9511A3-8CD7-4369-9EF9-3B1B2311ABC6}.Debug|Any CPU.ActiveCfg = Debug|Any CPU
		{1C9511A3-8CD7-4369-9EF9-3B1B2311ABC6}.Debug|Any CPU.Build.0 = Debug|Any CPU
		{1C9511A3-8CD7-4369-9EF9-3B1B2311ABC6}.Release|Any CPU.ActiveCfg = Release|Any CPU
		{1C9511A3-8CD7-4369-9EF9-3B1B2311ABC6}.Release|Any CPU.Build.0 = Release|Any CPU
	EndGlobalSection
	GlobalSection(SolutionProperties) = preSolution
		HideSolutionNode = FALSE
	EndGlobalSection
	GlobalSection(NestedProjects) = preSolution
		{B8A983B3-179B-4D00-850A-7D5F76840D88} = {6D55179D-C58E-4445-96BB-A6D5E1C3C259}
		{56DF7E04-29FF-45F6-9021-326EEF30FC3A} = {697F7093-074E-40D2-BBFE-E0DB1D5E9546}
		{FA85E587-2E8B-47B7-90E7-89F313D81F1B} = {2A1218E0-7B27-40DE-892F-4908199AF91E}
		{263B3B6A-B705-443D-99CF-0512685EEDDF} = {874C960E-15E9-4227-A62D-20B2BA7372C6}
		{1C9511A3-8CD7-4369-9EF9-3B1B2311ABC6} = {DA888674-525B-49BE-A952-A88E4C2D5DE8}
	EndGlobalSection
	GlobalSection(ExtensibilityGlobals) = postSolution
		SolutionGuid = {54A9ECBD-96C3-41E5-BD4E-9E253BE2BB96}
	EndGlobalSection
EndGlobal
